
Microsoft Visual Studio Solution File, Format Version 12.00
# Visual Studio Version 17
VisualStudioVersion = 17.2.32616.157
MinimumVisualStudioVersion = 10.0.40219.1
Project("{FAE04EC0-301F-11D3-BF4B-00C04F79EFBC}") = "WorkTime", "WorkTime\WorkTime.csproj", "{880B3B32-F344-4AEE-BB2B-13DFE0920A4B}"
EndProject
Global
	GlobalSection(SolutionConfigurationPlatforms) = preSolution
		Debug|Any CPU = Debug|Any CPU
		Release|Any CPU = Release|Any CPU
	EndGlobalSection
	GlobalSection(ProjectConfigurationPlatforms) = postSolution
		{880B3B32-F344-4AEE-BB2B-13DFE0920A4B}.Debug|Any CPU.ActiveCfg = Debug|Any CPU
		{880B3B32-F344-4AEE-BB2B-13DFE0920A4B}.Debug|Any CPU.Build.0 = Debug|Any CPU
		{880B3B32-F344-4AEE-BB2B-13DFE0920A4B}.Release|Any CPU.ActiveCfg = Release|Any CPU
		{880B3B32-F344-4AEE-BB2B-13DFE0920A4B}.Release|Any CPU.Build.0 = Release|Any CPU
	EndGlobalSection
	GlobalSection(SolutionProperties) = preSolution
		HideSolutionNode = FALSE
	EndGlobalSection
	GlobalSection(ExtensibilityGlobals) = postSolution
		SolutionGuid = {65AD7E0B-402D-4A57-8A98-B377BE17711D}
	EndGlobalSection
EndGlobal
